// !$*UTF8*$!
{
	archiveVersion = 1;
	classes = {
	};
	objectVersion = 56;
	objects = {

/* Begin PBXBuildFile section */
		2E705A01C893EE19882C0712 /* Assets.xcassets in Resources */ = {isa = PBXBuildFile; fileRef = 6D087ADF0EA39134196AF3F0 /* Assets.xcassets */; };
		50EA2A5067E3D297B8F23EA1 /* HealthReader.swift in Sources */ = {isa = PBXBuildFile; fileRef = 8D78C9C23AE59B294656142C /* HealthReader.swift */; };
		64C35DFD71A0288B54E2AE3E /* SyncEngine.swift in Sources */ = {isa = PBXBuildFile; fileRef = 2CFA7C35F4970D6F1F80942B /* SyncEngine.swift */; };
		7D348FCDCDE5AEE2048DE5A7 /* Keychain.swift in Sources */ = {isa = PBXBuildFile; fileRef = FACEDE1930BD7F20F28E987F /* Keychain.swift */; };
		7F7955951AB7324FD1BBD085 /* ContentView.swift in Sources */ = {isa = PBXBuildFile; fileRef = F45FA92B5DD4EDC7C492E3AF /* ContentView.swift */; };
		94E2E8AD63B2C80CEB5CBCED /* Uploader.swift in Sources */ = {isa = PBXBuildFile; fileRef = 2F23CC56BAC44C234593ACE1 /* Uploader.swift */; };
		9CD4CBCEDD0466F0D62E6F23 /* MorrisHealthSyncApp.swift in Sources */ = {isa = PBXBuildFile; fileRef = A5E30BFFEE71A9682FCCA1B9 /* MorrisHealthSyncApp.swift */; };
/* End PBXBuildFile section */

/* Begin PBXFileReference section */
		03D2417559B3D7E99CC6531B /* Info.plist */ = {isa = PBXFileReference; includeInIndex = 1; lastKnownFileType = text.plist.xml; path = Info.plist; sourceTree = "<group>"; };
		2575D9DFECEC88D85C2510AE /* MorrisHealthSync.entitlements */ = {isa = PBXFileReference; includeInIndex = 1; lastKnownFileType = text.plist.entitlements; path = MorrisHealthSync.entitlements; sourceTree = "<group>"; };
		2CFA7C35F4970D6F1F80942B /* SyncEngine.swift */ = {isa = PBXFileReference; includeInIndex = 1; lastKnownFileType = sourcecode.swift; path = SyncEngine.swift; sourceTree = "<group>"; };
		2F23CC56BAC44C234593ACE1 /* Uploader.swift */ = {isa = PBXFileReference; includeInIndex = 1; lastKnownFileType = sourcecode.swift; path = Uploader.swift; sourceTree = "<group>"; };
		603357D0C1CDC00080B4446A /* MorrisHealthSync.app */ = {isa = PBXFileReference; explicitFileType = wrapper.application; includeInIndex = 0; path = MorrisHealthSync.app; sourceTree = BUILT_PRODUCTS_DIR; };
		6D087ADF0EA39134196AF3F0 /* Assets.xcassets */ = {isa = PBXFileReference; includeInIndex = 1; lastKnownFileType = folder.assetcatalog; path = Assets.xcassets; sourceTree = "<group>"; };
		8D78C9C23AE59B294656142C /* HealthReader.swift */ = {isa = PBXFileReference; includeInIndex = 1; lastKnownFileType = sourcecode.swift; path = HealthReader.swift; sourceTree = "<group>"; };
		A5E30BFFEE71A9682FCCA1B9 /* MorrisHealthSyncApp.swift */ = {isa = PBXFileReference; includeInIndex = 1; lastKnownFileType = sourcecode.swift; path = MorrisHealthSyncApp.swift; sourceTree = "<group>"; };
		F45FA92B5DD4EDC7C492E3AF /* ContentView.swift */ = {isa = PBXFileReference; includeInIndex = 1; lastKnownFileType = sourcecode.swift; path = ContentView.swift; sourceTree = "<group>"; };
		FACEDE1930BD7F20F28E987F /* Keychain.swift */ = {isa = PBXFileReference; includeInIndex = 1; lastKnownFileType = sourcecode.swift; path = Keychain.swift; sourceTree = "<group>"; };
/* End PBXFileReference section */

/* Begin PBXFrameworksBuildPhase section */
		76C7A36B93E2F45D6AF7B11D /* Frameworks */ = {
			isa = PBXFrameworksBuildPhase;
			buildActionMask = 2147483647;
			files = (
			);
			runOnlyForDeploymentPostprocessing = 0;
		};
/* End PBXFrameworksBuildPhase section */

/* Begin PBXGroup section */
		139F5BB1D4943E2FDB7DE965 /* Config */ = {
			isa = PBXGroup;
			children = (
				03D2417559B3D7E99CC6531B /* Info.plist */,
				2575D9DFECEC88D85C2510AE /* MorrisHealthSync.entitlements */,
			);
			name = Config;
			path = Config;
			sourceTree = "<group>";
		};
		6393052DF8FB6099C45853B9 /* Products */ = {
			isa = PBXGroup;
			children = (
				603357D0C1CDC00080B4446A /* MorrisHealthSync.app */,
			);
			name = Products;
			sourceTree = "<group>";
		};
		7767256F1E82ADB23BFF438E /* Sources */ = {
			isa = PBXGroup;
			children = (
				F45FA92B5DD4EDC7C492E3AF /* ContentView.swift */,
				8D78C9C23AE59B294656142C /* HealthReader.swift */,
				FACEDE1930BD7F20F28E987F /* Keychain.swift */,
				A5E30BFFEE71A9682FCCA1B9 /* MorrisHealthSyncApp.swift */,
				2CFA7C35F4970D6F1F80942B /* SyncEngine.swift */,
				2F23CC56BAC44C234593ACE1 /* Uploader.swift */,
				6D087ADF0EA39134196AF3F0 /* Assets.xcassets */,
			);
			name = Sources;
			path = Sources;
			sourceTree = "<group>";
		};
		A587A44A7B3B1CE49E302ED7 = {
			isa = PBXGroup;
			children = (
				6393052DF8FB6099C45853B9 /* Products */,
				7767256F1E82ADB23BFF438E /* Sources */,
				139F5BB1D4943E2FDB7DE965 /* Config */,
			);
			sourceTree = "<group>";
		};
/* End PBXGroup section */

/* Begin PBXNativeTarget section */
		4764C6F9480EEFF610A82812 /* MorrisHealthSync */ = {
			isa = PBXNativeTarget;
			buildConfigurationList = 1FD20DFBA43AFD2646423BC1 /* Build configuration list for PBXNativeTarget "MorrisHealthSync" */;
			buildPhases = (
				993CC07B0A67A106AE4250FA /* Sources */,
				76C7A36B93E2F45D6AF7B11D /* Frameworks */,
				418A323EB31464E35C0635D9 /* Resources */,
			);
			buildRules = (
			);
			dependencies = (
			);
			name = MorrisHealthSync;
			productName = MorrisHealthSync;
			productReference = 603357D0C1CDC00080B4446A /* MorrisHealthSync.app */;
			productType = "com.apple.product-type.application";
		};
/* End PBXNativeTarget section */

/* Begin PBXProject section */
		EB6FA52EA955C387FCD559E4 /* Project object */ = {
			isa = PBXProject;
			attributes = {
				LastSwiftUpdateCheck = 1600;
				LastUpgradeCheck = 1600;
			};
			buildConfigurationList = 22D705ED7E52B1309264CE85 /* Build configuration list for PBXProject "MorrisHealthSync" */;
			compatibilityVersion = "Xcode 14.0";
			developmentRegion = en;
			hasScannedForEncodings = 0;
			knownRegions = (
				en,
				Base,
			);
			mainGroup = A587A44A7B3B1CE49E302ED7;
			minimizedProjectReferenceProxies = 0;
			preferredProjectObjectVersion = 100;
			productRefGroup = 6393052DF8FB6099C45853B9 /* Products */;
			projectDirPath = "";
			projectRoot = "";
			targets = (
				4764C6F9480EEFF610A82812 /* MorrisHealthSync */,
			);
		};
/* End PBXProject section */

/* Begin PBXResourcesBuildPhase section */
		418A323EB31464E35C0635D9 /* Resources */ = {
			isa = PBXResourcesBuildPhase;
			buildActionMask = 2147483647;
			files = (
				2E705A01C893EE19882C0712 /* Assets.xcassets in Resources */,
			);
			runOnlyForDeploymentPostprocessing = 0;
		};
/* End PBXResourcesBuildPhase section */

/* Begin PBXSourcesBuildPhase section */
		993CC07B0A67A106AE4250FA /* Sources */ = {
			isa = PBXSourcesBuildPhase;
			buildActionMask = 2147483647;
			files = (
				7F7955951AB7324FD1BBD085 /* ContentView.swift in Sources */,
				50EA2A5067E3D297B8F23EA1 /* HealthReader.swift in Sources */,
				7D348FCDCDE5AEE2048DE5A7 /* Keychain.swift in Sources */,
				9CD4CBCEDD0466F0D62E6F23 /* MorrisHealthSyncApp.swift in Sources */,
				64C35DFD71A0288B54E2AE3E /* SyncEngine.swift in Sources */,
				94E2E8AD63B2C80CEB5CBCED /* Uploader.swift in Sources */,
			);
			runOnlyForDeploymentPostprocessing = 0;
		};
/* End PBXSourcesBuildPhase section */

/* Begin XCBuildConfiguration section */
		0424D4205577F286178CA62F /* Debug */ = {
			isa = XCBuildConfiguration;
			buildSettings = {
				ALWAYS_SEARCH_USER_PATHS = NO;
				CLANG_ANALYZER_NONNULL = YES;
				CLANG_ANALYZER_NUMBER_OBJECT_CONVERSION = YES_AGGRESSIVE;
				CLANG_CXX_LANGUAGE_STANDARD = "gnu++14";
				CLANG_CXX_LIBRARY = "libc++";
				CLANG_ENABLE_MODULES = YES;
				CLANG_ENABLE_OBJC_ARC = YES;
				CLANG_ENABLE_OBJC_WEAK = YES;
				CLANG_WARN_BLOCK_CAPTURE_AUTORELEASING = YES;
				CLANG_WARN_BOOL_CONVERSION = YES;
				CLANG_WARN_COMMA = YES;
				CLANG_WARN_CONSTANT_CONVERSION = YES;
				CLANG_WARN_DEPRECATED_OBJC_IMPLEMENTATIONS = YES;
				CLANG_WARN_DIRECT_OBJC_ISA_USAGE = YES_ERROR;
				CLANG_WARN_DOCUMENTATION_COMMENTS = YES;
				CLANG_WARN_EMPTY_BODY = YES;
				CLANG_WARN_ENUM_CONVERSION = YES;
				CLANG_WARN_INFINITE_RECURSION = YES;
				CLANG_WARN_INT_CONVERSION = YES;
				CLANG_WARN_NON_LITERAL_NULL_CONVERSION = YES;
				CLANG_WARN_OBJC_IMPLICIT_RETAIN_SELF = YES;
				CLANG_WARN_OBJC_LITERAL_CONVERSION = YES;
				CLANG_WARN_OBJC_ROOT_CLASS = YES_ERROR;
				CLANG_WARN_QUOTED_INCLUDE_IN_FRAMEWORK_HEADER = YES;
				CLANG_WARN_RANGE_LOOP_ANALYSIS = YES;
				CLANG_WARN_STRICT_PROTOTYPES = YES;
				CLANG_WARN_SUSPICIOUS_MOVE = YES;
				CLANG_WARN_UNGUARDED_AVAILABILITY = YES_AGGRESSIVE;
				CLANG_WARN_UNREACHABLE_CODE = YES;
				CLANG_WARN__DUPLICATE_METHOD_MATCH = YES;
				COPY_PHASE_STRIP = NO;
				DEBUG_INFORMATION_FORMAT = dwarf;
				ENABLE_STRICT_OBJC_MSGSEND = YES;
				ENABLE_TESTABILITY = YES;
				GCC_C_LANGUAGE_STANDARD = gnu11;
				GCC_DYNAMIC_NO_PIC = NO;
				GCC_NO_COMMON_BLOCKS = YES;
				GCC_OPTIMIZATION_LEVEL = 0;
				GCC_PREPROCESSOR_DEFINITIONS = (
					"DEBUG=1",
					"$(inherited)",
				);
				GCC_WARN_64_TO_32_BIT_CONVERSION = YES;
				GCC_WARN_ABOUT_RETURN_TYPE = YES_ERROR;
				GCC_WARN_UNDECLARED_SELECTOR = YES;
				GCC_WARN_UNINITIALIZED_AUTOS = YES_AGGRESSIVE;
				GCC_WARN_UNUSED_FUNCTION = YES;
				GCC_WARN_UNUSED_VARIABLE = YES;
				IPHONEOS_DEPLOYMENT_TARGET = 17.0;
				MTL_ENABLE_DEBUG_INFO = INCLUDE_SOURCE;
				MTL_FAST_MATH = YES;
				ONLY_ACTIVE_ARCH = YES;
				PRODUCT_NAME = "$(TARGET_NAME)";
				SWIFT_ACTIVE_COMPILATION_CONDITIONS = DEBUG;
				SWIFT_OPTIMIZATION_LEVEL = "-Onone";
				SWIFT_VERSION = 5.0;
			};
			name = Debug;
		};
		35EEEAC0755BAED8300DD4BE /* Release */ = {
			isa = XCBuildConfiguration;
			buildSettings = {
				ASSETCATALOG_COMPILER_APPICON_NAME = AppIcon;
				ASSETCATALOG_COMPILER_GLOBAL_ACCENT_COLOR_NAME = AccentColor;
				CLANG_ENABLE_OBJC_WEAK = NO;
				CODE_SIGN_ENTITLEMENTS = Config/MorrisHealthSync.entitlements;
				CODE_SIGN_STYLE = Automatic;
				CURRENT_PROJECT_VERSION = 1;
				GENERATE_INFOPLIST_FILE = NO;
				INFOPLIST_FILE = Config/Info.plist;
				IPHONEOS_DEPLOYMENT_TARGET = 17.0;
				LD_RUNPATH_SEARCH_PATHS = (
					"$(inherited)",
					"@executable_path/Frameworks",
				);
				MARKETING_VERSION = 1.0;
				PRODUCT_BUNDLE_IDENTIFIER = family.morrisai.healthsync;
				PRODUCT_NAME = MorrisHealthSync;
				SDKROOT = iphoneos;
				SWIFT_STRICT_CONCURRENCY = minimal;
				SWIFT_VERSION = 5.0;
				TARGETED_DEVICE_FAMILY = 1;
				VALIDATE_PRODUCT = YES;
			};
			name = Release;
		};
		9E6388773D61DFADAFA95CA4 /* Release */ = {
			isa = XCBuildConfiguration;
			buildSettings = {
				ALWAYS_SEARCH_USER_PATHS = NO;
				CLANG_ANALYZER_NONNULL = YES;
				CLANG_ANALYZER_NUMBER_OBJECT_CONVERSION = YES_AGGRESSIVE;
				CLANG_CXX_LANGUAGE_STANDARD = "gnu++14";
				CLANG_CXX_LIBRARY = "libc++";
				CLANG_ENABLE_MODULES = YES;
				CLANG_ENABLE_OBJC_ARC = YES;
				CLANG_ENABLE_OBJC_WEAK = YES;
				CLANG_WARN_BLOCK_CAPTURE_AUTORELEASING = YES;
				CLANG_WARN_BOOL_CONVERSION = YES;
				CLANG_WARN_COMMA = YES;
				CLANG_WARN_CONSTANT_CONVERSION = YES;
				CLANG_WARN_DEPRECATED_OBJC_IMPLEMENTATIONS = YES;
				CLANG_WARN_DIRECT_OBJC_ISA_USAGE = YES_ERROR;
				CLANG_WARN_DOCUMENTATION_COMMENTS = YES;
				CLANG_WARN_EMPTY_BODY = YES;
				CLANG_WARN_ENUM_CONVERSION = YES;
				CLANG_WARN_INFINITE_RECURSION = YES;
				CLANG_WARN_INT_CONVERSION = YES;
				CLANG_WARN_NON_LITERAL_NULL_CONVERSION = YES;
				CLANG_WARN_OBJC_IMPLICIT_RETAIN_SELF = YES;
				CLANG_WARN_OBJC_LITERAL_CONVERSION = YES;
				CLANG_WARN_OBJC_ROOT_CLASS = YES_ERROR;
				CLANG_WARN_QUOTED_INCLUDE_IN_FRAMEWORK_HEADER = YES;
				CLANG_WARN_RANGE_LOOP_ANALYSIS = YES;
				CLANG_WARN_STRICT_PROTOTYPES = YES;
				CLANG_WARN_SUSPICIOUS_MOVE = YES;
				CLANG_WARN_UNGUARDED_AVAILABILITY = YES_AGGRESSIVE;
				CLANG_WARN_UNREACHABLE_CODE = YES;
				CLANG_WARN__DUPLICATE_METHOD_MATCH = YES;
				COPY_PHASE_STRIP = NO;
				DEBUG_INFORMATION_FORMAT = "dwarf-with-dsym";
				ENABLE_NS_ASSERTIONS = NO;
				ENABLE_STRICT_OBJC_MSGSEND = YES;
				GCC_C_LANGUAGE_STANDARD = gnu11;
				GCC_NO_COMMON_BLOCKS = YES;
				GCC_WARN_64_TO_32_BIT_CONVERSION = YES;
				GCC_WARN_ABOUT_RETURN_TYPE = YES_ERROR;
				GCC_WARN_UNDECLARED_SELECTOR = YES;
				GCC_WARN_UNINITIALIZED_AUTOS = YES_AGGRESSIVE;
				GCC_WARN_UNUSED_FUNCTION = YES;
				GCC_WARN_UNUSED_VARIABLE = YES;
				IPHONEOS_DEPLOYMENT_TARGET = 17.0;
				MTL_ENABLE_DEBUG_INFO = NO;
				MTL_FAST_MATH = YES;
				PRODUCT_NAME = "$(TARGET_NAME)";
				SWIFT_COMPILATION_MODE = wholemodule;
				SWIFT_OPTIMIZATION_LEVEL = "-O";
				SWIFT_VERSION = 5.0;
			};
			name = Release;
		};
		F77639442770E9B6EC19083B /* Debug */ = {
			isa = XCBuildConfiguration;
			buildSettings = {
				ASSETCATALOG_COMPILER_APPICON_NAME = AppIcon;
				ASSETCATALOG_COMPILER_GLOBAL_ACCENT_COLOR_NAME = AccentColor;
				CLANG_ENABLE_OBJC_WEAK = NO;
				CODE_SIGN_ENTITLEMENTS = Config/MorrisHealthSync.entitlements;
				CODE_SIGN_STYLE = Automatic;
				CURRENT_PROJECT_VERSION = 1;
				GENERATE_INFOPLIST_FILE = NO;
				INFOPLIST_FILE = Config/Info.plist;
				IPHONEOS_DEPLOYMENT_TARGET = 17.0;
				LD_RUNPATH_SEARCH_PATHS = (
					"$(inherited)",
					"@executable_path/Frameworks",
				);
				MARKETING_VERSION = 1.0;
				PRODUCT_BUNDLE_IDENTIFIER = family.morrisai.healthsync;
				PRODUCT_NAME = MorrisHealthSync;
				SDKROOT = iphoneos;
				SWIFT_STRICT_CONCURRENCY = minimal;
				SWIFT_VERSION = 5.0;
				TARGETED_DEVICE_FAMILY = 1;
			};
			name = Debug;
		};
/* End XCBuildConfiguration section */

/* Begin XCConfigurationList section */
		1FD20DFBA43AFD2646423BC1 /* Build configuration list for PBXNativeTarget "MorrisHealthSync" */ = {
			isa = XCConfigurationList;
			buildConfigurations = (
				35EEEAC0755BAED8300DD4BE /* Release */,
				F77639442770E9B6EC19083B /* Debug */,
			);
			defaultConfigurationIsVisible = 0;
			defaultConfigurationName = Release;
		};
		22D705ED7E52B1309264CE85 /* Build configuration list for PBXProject "MorrisHealthSync" */ = {
			isa = XCConfigurationList;
			buildConfigurations = (
				0424D4205577F286178CA62F /* Debug */,
				9E6388773D61DFADAFA95CA4 /* Release */,
			);
			defaultConfigurationIsVisible = 0;
			defaultConfigurationName = Release;
		};
/* End XCConfigurationList section */
	};
	rootObject = EB6FA52EA955C387FCD559E4 /* Project object */;
}
